// !$*UTF8*$!
{
	archiveVersion = 1;
	classes = {
	};
	objectVersion = 56;
	objects = {

/* Begin PBXBuildFile section */
		BB3B218F2B02612800A4B0D9 /* NYCTableViewCell.swift in Sources */ = {isa = PBXBuildFile; fileRef = BB3B218E2B02612800A4B0D9 /* NYCTableViewCell.swift */; };
		BB3B21B52B0285F000A4B0D9 /* Double.swift in Sources */ = {isa = PBXBuildFile; fileRef = BB3B21B42B0285F000A4B0D9 /* Double.swift */; };
		BB3B21B72B0288EC00A4B0D9 /* NYCSchoolDetailViewController.swift in Sources */ = {isa = PBXBuildFile; fileRef = BB3B21B62B0288EC00A4B0D9 /* NYCSchoolDetailViewController.swift */; };
		BB3B21BE2B028E0900A4B0D9 /* NYCSchoolDetailViewModel.swift in Sources */ = {isa = PBXBuildFile; fileRef = BB3B21BD2B028E0900A4B0D9 /* NYCSchoolDetailViewModel.swift */; };
		BB3B21C02B02AF1500A4B0D9 /* NSObject.swift in Sources */ = {isa = PBXBuildFile; fileRef = BB3B21BF2B02AF1500A4B0D9 /* NSObject.swift */; };
		BB3B21C32B02AF7E00A4B0D9 /* CustomNavigationController.swift in Sources */ = {isa = PBXBuildFile; fileRef = BB3B21C22B02AF7E00A4B0D9 /* CustomNavigationController.swift */; };
		BB3B21C92B02B9CF00A4B0D9 /* NYCSchoolDetailView.swift in Sources */ = {isa = PBXBuildFile; fileRef = BB3B21C82B02B9CF00A4B0D9 /* NYCSchoolDetailView.swift */; };
		BB3B21CF2B02C3E800A4B0D9 /* NYCSchoolScorreData.swift in Sources */ = {isa = PBXBuildFile; fileRef = BB3B21CE2B02C3E800A4B0D9 /* NYCSchoolScorreData.swift */; };
		BB3B21D12B03A95500A4B0D9 /* NYCSchoolScoreView.swift in Sources */ = {isa = PBXBuildFile; fileRef = BB3B21D02B03A95500A4B0D9 /* NYCSchoolScoreView.swift */; };
		BB3B21D52B03B43400A4B0D9 /* NYCSchoolScoreGroupView.swift in Sources */ = {isa = PBXBuildFile; fileRef = BB3B21D42B03B43400A4B0D9 /* NYCSchoolScoreGroupView.swift */; };
		BB58346A2AFEBDDA005014C9 /* AppDelegate.swift in Sources */ = {isa = PBXBuildFile; fileRef = BB5834692AFEBDDA005014C9 /* AppDelegate.swift */; };
		BB58346C2AFEBDDA005014C9 /* SceneDelegate.swift in Sources */ = {isa = PBXBuildFile; fileRef = BB58346B2AFEBDDA005014C9 /* SceneDelegate.swift */; };
		BB5834732AFEBDDB005014C9 /* Assets.xcassets in Resources */ = {isa = PBXBuildFile; fileRef = BB5834722AFEBDDB005014C9 /* Assets.xcassets */; };
		BB5834762AFEBDDB005014C9 /* LaunchScreen.storyboard in Resources */ = {isa = PBXBuildFile; fileRef = BB5834742AFEBDDB005014C9 /* LaunchScreen.storyboard */; };
		BB58347F2AFEC406005014C9 /* NYCSchool.swift in Sources */ = {isa = PBXBuildFile; fileRef = BB58347E2AFEC406005014C9 /* NYCSchool.swift */; };
		BB5834832AFEC5D6005014C9 /* NetworkManager.swift in Sources */ = {isa = PBXBuildFile; fileRef = BB5834822AFEC5D6005014C9 /* NetworkManager.swift */; };
		BB5834862AFEC66F005014C9 /* NetworkError.swift in Sources */ = {isa = PBXBuildFile; fileRef = BB5834852AFEC66F005014C9 /* NetworkError.swift */; };
		BB5834882AFECA12005014C9 /* NYCSchoolService.swift in Sources */ = {isa = PBXBuildFile; fileRef = BB5834872AFECA12005014C9 /* NYCSchoolService.swift */; };
		BB58348D2AFECA9D005014C9 /* Constants.swift in Sources */ = {isa = PBXBuildFile; fileRef = BB58348C2AFECA9D005014C9 /* Constants.swift */; };
		BB58348F2AFECD40005014C9 /* NYCListViewModel.swift in Sources */ = {isa = PBXBuildFile; fileRef = BB58348E2AFECD40005014C9 /* NYCListViewModel.swift */; };
		BB5834912AFECD4F005014C9 /* NYCListViewController.swift in Sources */ = {isa = PBXBuildFile; fileRef = BB5834902AFECD4F005014C9 /* NYCListViewController.swift */; };
		BB7E8F222B03D57400C379A1 /* SearchResultsViewController.swift in Sources */ = {isa = PBXBuildFile; fileRef = BB7E8F212B03D57400C379A1 /* SearchResultsViewController.swift */; };
		BB7E8F262B03E37200C379A1 /* NYCSchoolMapViewController.swift in Sources */ = {isa = PBXBuildFile; fileRef = BB7E8F252B03E37200C379A1 /* NYCSchoolMapViewController.swift */; };
		BB7E8F282B03E49300C379A1 /* MainTabBarController.swift in Sources */ = {isa = PBXBuildFile; fileRef = BB7E8F272B03E49300C379A1 /* MainTabBarController.swift */; };
		BB7E8F2C2B040D6D00C379A1 /* CustomPointAnnotation.swift in Sources */ = {isa = PBXBuildFile; fileRef = BB7E8F2B2B040D6D00C379A1 /* CustomPointAnnotation.swift */; };
		BB88DF062B08F72E0065FD01 /* NYCSchoolTableLoadingViewCell.swift in Sources */ = {isa = PBXBuildFile; fileRef = BB88DF052B08F72E0065FD01 /* NYCSchoolTableLoadingViewCell.swift */; };
		BB91C04C2B11464E00B14096 /* Coordinator.swift in Sources */ = {isa = PBXBuildFile; fileRef = BB91C04B2B11464E00B14096 /* Coordinator.swift */; };
		BB91C04E2B11469600B14096 /* MainCoordinator.swift in Sources */ = {isa = PBXBuildFile; fileRef = BB91C04D2B11469600B14096 /* MainCoordinator.swift */; };
		BBA699AB2B04FE3700BA92A4 /* TitleBulletPointsView.swift in Sources */ = {isa = PBXBuildFile; fileRef = BBA699AA2B04FE3700BA92A4 /* TitleBulletPointsView.swift */; };
		BBA699AD2B052AE100BA92A4 /* NYCSchoolStatsView.swift in Sources */ = {isa = PBXBuildFile; fileRef = BBA699AC2B052AE100BA92A4 /* NYCSchoolStatsView.swift */; };
		BBA699AF2B0530B700BA92A4 /* HoursView.swift in Sources */ = {isa = PBXBuildFile; fileRef = BBA699AE2B0530B700BA92A4 /* HoursView.swift */; };
		BBA699B12B05531800BA92A4 /* WebViewController.swift in Sources */ = {isa = PBXBuildFile; fileRef = BBA699B02B05531800BA92A4 /* WebViewController.swift */; };
		BBA699B32B0554D900BA92A4 /* HomepageURLView.swift in Sources */ = {isa = PBXBuildFile; fileRef = BBA699B22B0554D900BA92A4 /* HomepageURLView.swift */; };
		BBA699B52B064C6E00BA92A4 /* NYCSchoolSortKey.swift in Sources */ = {isa = PBXBuildFile; fileRef = BBA699B42B064C6E00BA92A4 /* NYCSchoolSortKey.swift */; };
		BBA699BB2B065BCE00BA92A4 /* SortViewController.swift in Sources */ = {isa = PBXBuildFile; fileRef = BBA699BA2B065BCE00BA92A4 /* SortViewController.swift */; };
		BBA699BD2B0666BF00BA92A4 /* SortOrder.swift in Sources */ = {isa = PBXBuildFile; fileRef = BBA699BC2B0666BF00BA92A4 /* SortOrder.swift */; };
		BBA699C02B0666FF00BA92A4 /* NYCSchoolSortViewModel.swift in Sources */ = {isa = PBXBuildFile; fileRef = BBA699BF2B0666FF00BA92A4 /* NYCSchoolSortViewModel.swift */; };
		BBA699C22B0669E300BA92A4 /* SortOrderView.swift in Sources */ = {isa = PBXBuildFile; fileRef = BBA699C12B0669E300BA92A4 /* SortOrderView.swift */; };
		BBA699C42B06771800BA92A4 /* FilterByView.swift in Sources */ = {isa = PBXBuildFile; fileRef = BBA699C32B06771800BA92A4 /* FilterByView.swift */; };
		BBA699C62B067DDA00BA92A4 /* NYCSchoolOderByFieldButton.swift in Sources */ = {isa = PBXBuildFile; fileRef = BBA699C52B067DDA00BA92A4 /* NYCSchoolOderByFieldButton.swift */; };
/* End PBXBuildFile section */

/* Begin PBXFileReference section */
		BB3B218E2B02612800A4B0D9 /* NYCTableViewCell.swift */ = {isa = PBXFileReference; lastKnownFileType = sourcecode.swift; path = NYCTableViewCell.swift; sourceTree = "<group>"; };
		BB3B21B42B0285F000A4B0D9 /* Double.swift */ = {isa = PBXFileReference; lastKnownFileType = sourcecode.swift; path = Double.swift; sourceTree = "<group>"; };
		BB3B21B62B0288EC00A4B0D9 /* NYCSchoolDetailViewController.swift */ = {isa = PBXFileReference; lastKnownFileType = sourcecode.swift; path = NYCSchoolDetailViewController.swift; sourceTree = "<group>"; };
		BB3B21BD2B028E0900A4B0D9 /* NYCSchoolDetailViewModel.swift */ = {isa = PBXFileReference; lastKnownFileType = sourcecode.swift; path = NYCSchoolDetailViewModel.swift; sourceTree = "<group>"; };
		BB3B21BF2B02AF1500A4B0D9 /* NSObject.swift */ = {isa = PBXFileReference; lastKnownFileType = sourcecode.swift; path = NSObject.swift; sourceTree = "<group>"; };
		BB3B21C22B02AF7E00A4B0D9 /* CustomNavigationController.swift */ = {isa = PBXFileReference; lastKnownFileType = sourcecode.swift; path = CustomNavigationController.swift; sourceTree = "<group>"; };
		BB3B21C82B02B9CF00A4B0D9 /* NYCSchoolDetailView.swift */ = {isa = PBXFileReference; lastKnownFileType = sourcecode.swift; path = NYCSchoolDetailView.swift; sourceTree = "<group>"; };
		BB3B21CE2B02C3E800A4B0D9 /* NYCSchoolScorreData.swift */ = {isa = PBXFileReference; lastKnownFileType = sourcecode.swift; path = NYCSchoolScorreData.swift; sourceTree = "<group>"; };
		BB3B21D02B03A95500A4B0D9 /* NYCSchoolScoreView.swift */ = {isa = PBXFileReference; lastKnownFileType = sourcecode.swift; path = NYCSchoolScoreView.swift; sourceTree = "<group>"; };
		BB3B21D42B03B43400A4B0D9 /* NYCSchoolScoreGroupView.swift */ = {isa = PBXFileReference; lastKnownFileType = sourcecode.swift; path = NYCSchoolScoreGroupView.swift; sourceTree = "<group>"; };
		BB5834662AFEBDDA005014C9 /* NYCSchools.app */ = {isa = PBXFileReference; explicitFileType = wrapper.application; includeInIndex = 0; path = NYCSchools.app; sourceTree = BUILT_PRODUCTS_DIR; };
		BB5834692AFEBDDA005014C9 /* AppDelegate.swift */ = {isa = PBXFileReference; lastKnownFileType = sourcecode.swift; path = AppDelegate.swift; sourceTree = "<group>"; };
		BB58346B2AFEBDDA005014C9 /* SceneDelegate.swift */ = {isa = PBXFileReference; lastKnownFileType = sourcecode.swift; path = SceneDelegate.swift; sourceTree = "<group>"; };
		BB5834722AFEBDDB005014C9 /* Assets.xcassets */ = {isa = PBXFileReference; lastKnownFileType = folder.assetcatalog; path = Assets.xcassets; sourceTree = "<group>"; };
		BB5834752AFEBDDB005014C9 /* Base */ = {isa = PBXFileReference; lastKnownFileType = file.storyboard; name = Base; path = Base.lproj/LaunchScreen.storyboard; sourceTree = "<group>"; };
		BB5834772AFEBDDB005014C9 /* Info.plist */ = {isa = PBXFileReference; lastKnownFileType = text.plist.xml; path = Info.plist; sourceTree = "<group>"; };
		BB58347E2AFEC406005014C9 /* NYCSchool.swift */ = {isa = PBXFileReference; lastKnownFileType = sourcecode.swift; path = NYCSchool.swift; sourceTree = "<group>"; };
		BB5834822AFEC5D6005014C9 /* NetworkManager.swift */ = {isa = PBXFileReference; lastKnownFileType = sourcecode.swift; path = NetworkManager.swift; sourceTree = "<group>"; };
		BB5834852AFEC66F005014C9 /* NetworkError.swift */ = {isa = PBXFileReference; lastKnownFileType = sourcecode.swift; path = NetworkError.swift; sourceTree = "<group>"; };
		BB5834872AFECA12005014C9 /* NYCSchoolService.swift */ = {isa = PBXFileReference; lastKnownFileType = sourcecode.swift; path = NYCSchoolService.swift; sourceTree = "<group>"; };
		BB58348C2AFECA9D005014C9 /* Constants.swift */ = {isa = PBXFileReference; lastKnownFileType = sourcecode.swift; path = Constants.swift; sourceTree = "<group>"; };
		BB58348E2AFECD40005014C9 /* NYCListViewModel.swift */ = {isa = PBXFileReference; lastKnownFileType = sourcecode.swift; path = NYCListViewModel.swift; sourceTree = "<group>"; };
		BB5834902AFECD4F005014C9 /* NYCListViewController.swift */ = {isa = PBXFileReference; lastKnownFileType = sourcecode.swift; path = NYCListViewController.swift; sourceTree = "<group>"; };
		BB7E8F212B03D57400C379A1 /* SearchResultsViewController.swift */ = {isa = PBXFileReference; lastKnownFileType = sourcecode.swift; path = SearchResultsViewController.swift; sourceTree = "<group>"; };
		BB7E8F252B03E37200C379A1 /* NYCSchoolMapViewController.swift */ = {isa = PBXFileReference; lastKnownFileType = sourcecode.swift; path = NYCSchoolMapViewController.swift; sourceTree = "<group>"; };
		BB7E8F272B03E49300C379A1 /* MainTabBarController.swift */ = {isa = PBXFileReference; lastKnownFileType = sourcecode.swift; path = MainTabBarController.swift; sourceTree = "<group>"; };
		BB7E8F2B2B040D6D00C379A1 /* CustomPointAnnotation.swift */ = {isa = PBXFileReference; lastKnownFileType = sourcecode.swift; path = CustomPointAnnotation.swift; sourceTree = "<group>"; };
		BB88DF052B08F72E0065FD01 /* NYCSchoolTableLoadingViewCell.swift */ = {isa = PBXFileReference; lastKnownFileType = sourcecode.swift; path = NYCSchoolTableLoadingViewCell.swift; sourceTree = "<group>"; };
		BB91C04B2B11464E00B14096 /* Coordinator.swift */ = {isa = PBXFileReference; lastKnownFileType = sourcecode.swift; path = Coordinator.swift; sourceTree = "<group>"; };
		BB91C04D2B11469600B14096 /* MainCoordinator.swift */ = {isa = PBXFileReference; lastKnownFileType = sourcecode.swift; path = MainCoordinator.swift; sourceTree = "<group>"; };
		BBA699AA2B04FE3700BA92A4 /* TitleBulletPointsView.swift */ = {isa = PBXFileReference; lastKnownFileType = sourcecode.swift; path = TitleBulletPointsView.swift; sourceTree = "<group>"; };
		BBA699AC2B052AE100BA92A4 /* NYCSchoolStatsView.swift */ = {isa = PBXFileReference; lastKnownFileType = sourcecode.swift; path = NYCSchoolStatsView.swift; sourceTree = "<group>"; };
		BBA699AE2B0530B700BA92A4 /* HoursView.swift */ = {isa = PBXFileReference; lastKnownFileType = sourcecode.swift; path = HoursView.swift; sourceTree = "<group>"; };
		BBA699B02B05531800BA92A4 /* WebViewController.swift */ = {isa = PBXFileReference; lastKnownFileType = sourcecode.swift; path = WebViewController.swift; sourceTree = "<group>"; };
		BBA699B22B0554D900BA92A4 /* HomepageURLView.swift */ = {isa = PBXFileReference; lastKnownFileType = sourcecode.swift; path = HomepageURLView.swift; sourceTree = "<group>"; };
		BBA699B42B064C6E00BA92A4 /* NYCSchoolSortKey.swift */ = {isa = PBXFileReference; lastKnownFileType = sourcecode.swift; path = NYCSchoolSortKey.swift; sourceTree = "<group>"; };
		BBA699BA2B065BCE00BA92A4 /* SortViewController.swift */ = {isa = PBXFileReference; lastKnownFileType = sourcecode.swift; path = SortViewController.swift; sourceTree = "<group>"; };
		BBA699BC2B0666BF00BA92A4 /* SortOrder.swift */ = {isa = PBXFileReference; lastKnownFileType = sourcecode.swift; path = SortOrder.swift; sourceTree = "<group>"; };
		BBA699BF2B0666FF00BA92A4 /* NYCSchoolSortViewModel.swift */ = {isa = PBXFileReference; lastKnownFileType = sourcecode.swift; path = NYCSchoolSortViewModel.swift; sourceTree = "<group>"; };
		BBA699C12B0669E300BA92A4 /* SortOrderView.swift */ = {isa = PBXFileReference; lastKnownFileType = sourcecode.swift; path = SortOrderView.swift; sourceTree = "<group>"; };
		BBA699C32B06771800BA92A4 /* FilterByView.swift */ = {isa = PBXFileReference; lastKnownFileType = sourcecode.swift; path = FilterByView.swift; sourceTree = "<group>"; };
		BBA699C52B067DDA00BA92A4 /* NYCSchoolOderByFieldButton.swift */ = {isa = PBXFileReference; lastKnownFileType = sourcecode.swift; path = NYCSchoolOderByFieldButton.swift; sourceTree = "<group>"; };
/* End PBXFileReference section */

/* Begin PBXFrameworksBuildPhase section */
		BB5834632AFEBDDA005014C9 /* Frameworks */ = {
			isa = PBXFrameworksBuildPhase;
			buildActionMask = 2147483647;
			files = (
			);
			runOnlyForDeploymentPostprocessing = 0;
		};
/* End PBXFrameworksBuildPhase section */

/* Begin PBXGroup section */
		BB3B218C2B02609900A4B0D9 /* Views */ = {
			isa = PBXGroup;
			children = (
				BBA699C32B06771800BA92A4 /* FilterByView.swift */,
				BBA699B22B0554D900BA92A4 /* HomepageURLView.swift */,
				BBA699AE2B0530B700BA92A4 /* HoursView.swift */,
				BB3B21C82B02B9CF00A4B0D9 /* NYCSchoolDetailView.swift */,
				BB3B21D42B03B43400A4B0D9 /* NYCSchoolScoreGroupView.swift */,
				BB3B21D02B03A95500A4B0D9 /* NYCSchoolScoreView.swift */,
				BBA699AC2B052AE100BA92A4 /* NYCSchoolStatsView.swift */,
				BB3B218E2B02612800A4B0D9 /* NYCTableViewCell.swift */,
				BBA699C12B0669E300BA92A4 /* SortOrderView.swift */,
				BBA699AA2B04FE3700BA92A4 /* TitleBulletPointsView.swift */,
				BB88DF052B08F72E0065FD01 /* NYCSchoolTableLoadingViewCell.swift */,
			);
			path = Views;
			sourceTree = "<group>";
		};
		BB3B21B32B0285E700A4B0D9 /* Extensions */ = {
			isa = PBXGroup;
			children = (
				BB3B21B42B0285F000A4B0D9 /* Double.swift */,
				BB3B21BF2B02AF1500A4B0D9 /* NSObject.swift */,
			);
			path = Extensions;
			sourceTree = "<group>";
		};
		BB3B21C12B02AF5800A4B0D9 /* Core */ = {
			isa = PBXGroup;
			children = (
				BB3B21C22B02AF7E00A4B0D9 /* CustomNavigationController.swift */,
				BBA699C52B067DDA00BA92A4 /* NYCSchoolOderByFieldButton.swift */,
			);
			path = Core;
			sourceTree = "<group>";
		};
		BB3B21C62B02B0A700A4B0D9 /* ViewControllers */ = {
			isa = PBXGroup;
			children = (
				BB5834902AFECD4F005014C9 /* NYCListViewController.swift */,
				BB3B21B62B0288EC00A4B0D9 /* NYCSchoolDetailViewController.swift */,
				BB7E8F252B03E37200C379A1 /* NYCSchoolMapViewController.swift */,
				BBA699B02B05531800BA92A4 /* WebViewController.swift */,
				BBA699BA2B065BCE00BA92A4 /* SortViewController.swift */,
			);
			path = ViewControllers;
			sourceTree = "<group>";
		};
		BB3B21C72B02B0AC00A4B0D9 /* NavigationControllers */ = {
			isa = PBXGroup;
			children = (
				BB7E8F272B03E49300C379A1 /* MainTabBarController.swift */,
			);
			path = NavigationControllers;
			sourceTree = "<group>";
		};
		BB58345D2AFEBDDA005014C9 = {
			isa = PBXGroup;
			children = (
				BB5834682AFEBDDA005014C9 /* NYCSchools */,
				BB5834672AFEBDDA005014C9 /* Products */,
				BBCBB63A2B4C84340065EC31 /* Frameworks */,
			);
			sourceTree = "<group>";
		};
		BB5834672AFEBDDA005014C9 /* Products */ = {
			isa = PBXGroup;
			children = (
				BB5834662AFEBDDA005014C9 /* NYCSchools.app */,
			);
			name = Products;
			sourceTree = "<group>";
		};
		BB5834682AFEBDDA005014C9 /* NYCSchools */ = {
			isa = PBXGroup;
			children = (
				BB91C04A2B11462800B14096 /* Coordinator */,
				BB5834772AFEBDDB005014C9 /* Info.plist */,
				BB5834692AFEBDDA005014C9 /* AppDelegate.swift */,
				BB58346B2AFEBDDA005014C9 /* SceneDelegate.swift */,
				BB5834722AFEBDDB005014C9 /* Assets.xcassets */,
				BB58348A2AFECA1D005014C9 /* Controllers */,
				BB3B21C12B02AF5800A4B0D9 /* Core */,
				BB5834842AFEC666005014C9 /* Enums */,
				BB3B21B32B0285E700A4B0D9 /* Extensions */,
				BB5834742AFEBDDB005014C9 /* LaunchScreen.storyboard */,
				BB58347D2AFEC3ED005014C9 /* Models */,
				BB5834802AFEC5C8005014C9 /* Services */,
				BB7E8F2D2B0414FD00C379A1 /* Shape */,
				BB5834812AFEC5CD005014C9 /* Utilities */,
				BB5834892AFECA18005014C9 /* ViewModels */,
				BB3B218C2B02609900A4B0D9 /* Views */,
			);
			path = NYCSchools;
			sourceTree = "<group>";
		};
		BB58347D2AFEC3ED005014C9 /* Models */ = {
			isa = PBXGroup;
			children = (
				BB3B21CE2B02C3E800A4B0D9 /* NYCSchoolScorreData.swift */,
				BB58347E2AFEC406005014C9 /* NYCSchool.swift */,
			);
			path = Models;
			sourceTree = "<group>";
		};
		BB5834802AFEC5C8005014C9 /* Services */ = {
			isa = PBXGroup;
			children = (
				BB5834872AFECA12005014C9 /* NYCSchoolService.swift */,
			);
			path = Services;
			sourceTree = "<group>";
		};
		BB5834812AFEC5CD005014C9 /* Utilities */ = {
			isa = PBXGroup;
			children = (
				BB58348C2AFECA9D005014C9 /* Constants.swift */,
				BB5834822AFEC5D6005014C9 /* NetworkManager.swift */,
			);
			path = Utilities;
			sourceTree = "<group>";
		};
		BB5834842AFEC666005014C9 /* Enums */ = {
			isa = PBXGroup;
			children = (
				BB5834852AFEC66F005014C9 /* NetworkError.swift */,
				BBA699B42B064C6E00BA92A4 /* NYCSchoolSortKey.swift */,
				BBA699BC2B0666BF00BA92A4 /* SortOrder.swift */,
			);
			path = Enums;
			sourceTree = "<group>";
		};
		BB5834892AFECA18005014C9 /* ViewModels */ = {
			isa = PBXGroup;
			children = (
				BB3B21BD2B028E0900A4B0D9 /* NYCSchoolDetailViewModel.swift */,
				BB58348E2AFECD40005014C9 /* NYCListViewModel.swift */,
				BBA699BF2B0666FF00BA92A4 /* NYCSchoolSortViewModel.swift */,
			);
			path = ViewModels;
			sourceTree = "<group>";
		};
		BB58348A2AFECA1D005014C9 /* Controllers */ = {
			isa = PBXGroup;
			children = (
				BB7E8F202B03D55B00C379A1 /* SearchViewControllers */,
				BB3B21C72B02B0AC00A4B0D9 /* NavigationControllers */,
				BB3B21C62B02B0A700A4B0D9 /* ViewControllers */,
			);
			path = Controllers;
			sourceTree = "<group>";
		};
		BB7E8F202B03D55B00C379A1 /* SearchViewControllers */ = {
			isa = PBXGroup;
			children = (
				BB7E8F212B03D57400C379A1 /* SearchResultsViewController.swift */,
			);
			path = SearchViewControllers;
			sourceTree = "<group>";
		};
		BB7E8F2D2B0414FD00C379A1 /* Shape */ = {
			isa = PBXGroup;
			children = (
				BB7E8F2B2B040D6D00C379A1 /* CustomPointAnnotation.swift */,
			);
			path = Shape;
			sourceTree = "<group>";
		};
		BB91C04A2B11462800B14096 /* Coordinator */ = {
			isa = PBXGroup;
			children = (
				BB91C04B2B11464E00B14096 /* Coordinator.swift */,
				BB91C04D2B11469600B14096 /* MainCoordinator.swift */,
			);
			path = Coordinator;
			sourceTree = "<group>";
		};
		BBCBB63A2B4C84340065EC31 /* Frameworks */ = {
			isa = PBXGroup;
			children = (
			);
			name = Frameworks;
			sourceTree = "<group>";
		};
/* End PBXGroup section */

/* Begin PBXNativeTarget section */
		BB5834652AFEBDDA005014C9 /* NYCSchools */ = {
			isa = PBXNativeTarget;
			buildConfigurationList = BB58347A2AFEBDDB005014C9 /* Build configuration list for PBXNativeTarget "NYCSchools" */;
			buildPhases = (
				BBCBB6392B4C80330065EC31 /* SwiftLint */,
				BB5834622AFEBDDA005014C9 /* Sources */,
				BB5834632AFEBDDA005014C9 /* Frameworks */,
				BB5834642AFEBDDA005014C9 /* Resources */,
			);
			buildRules = (
			);
			dependencies = (
				BBCBB6402B4C87EE0065EC31 /* PBXTargetDependency */,
			);
			name = NYCSchools;
			packageProductDependencies = (
			);
			productName = NYCSchools;
			productReference = BB5834662AFEBDDA005014C9 /* NYCSchools.app */;
			productType = "com.apple.product-type.application";
		};
/* End PBXNativeTarget section */

/* Begin PBXProject section */
		BB58345E2AFEBDDA005014C9 /* Project object */ = {
			isa = PBXProject;
			attributes = {
				BuildIndependentTargetsInParallel = 1;
				LastSwiftUpdateCheck = 1500;
				LastUpgradeCheck = 1500;
				TargetAttributes = {
					BB5834652AFEBDDA005014C9 = {
						CreatedOnToolsVersion = 15.0.1;
					};
				};
			};
			buildConfigurationList = BB5834612AFEBDDA005014C9 /* Build configuration list for PBXProject "NYCSchools" */;
			compatibilityVersion = "Xcode 14.0";
			developmentRegion = en;
			hasScannedForEncodings = 0;
			knownRegions = (
				en,
				Base,
			);
			mainGroup = BB58345D2AFEBDDA005014C9;
			packageReferences = (
				BBCBB6342B4C80180065EC31 /* XCRemoteSwiftPackageReference "SwiftLint" */,
			);
			productRefGroup = BB5834672AFEBDDA005014C9 /* Products */;
			projectDirPath = "";
			projectRoot = "";
			targets = (
				BB5834652AFEBDDA005014C9 /* NYCSchools */,
			);
		};
/* End PBXProject section */

/* Begin PBXResourcesBuildPhase section */
		BB5834642AFEBDDA005014C9 /* Resources */ = {
			isa = PBXResourcesBuildPhase;
			buildActionMask = 2147483647;
			files = (
				BB5834762AFEBDDB005014C9 /* LaunchScreen.storyboard in Resources */,
				BB5834732AFEBDDB005014C9 /* Assets.xcassets in Resources */,
			);
			runOnlyForDeploymentPostprocessing = 0;
		};
/* End PBXResourcesBuildPhase section */

/* Begin PBXShellScriptBuildPhase section */
		BBCBB6392B4C80330065EC31 /* SwiftLint */ = {
			isa = PBXShellScriptBuildPhase;
			buildActionMask = 2147483647;
			files = (
			);
			inputFileListPaths = (
			);
			inputPaths = (
			);
			name = SwiftLint;
			outputFileListPaths = (
			);
			outputPaths = (
			);
			runOnlyForDeploymentPostprocessing = 0;
			shellPath = /bin/sh;
			shellScript = "if which swiftlint > /dev/null; then\n  swiftlint\nelse\n  echo \"warning: SwiftLint not installed, download from https://github.com/realm/SwiftLint\"\nfi\n";
		};
/* End PBXShellScriptBuildPhase section */

/* Begin PBXSourcesBuildPhase section */
		BB5834622AFEBDDA005014C9 /* Sources */ = {
			isa = PBXSourcesBuildPhase;
			buildActionMask = 2147483647;
			files = (
				BBA699B32B0554D900BA92A4 /* HomepageURLView.swift in Sources */,
				BB58348F2AFECD40005014C9 /* NYCListViewModel.swift in Sources */,
				BBA699B12B05531800BA92A4 /* WebViewController.swift in Sources */,
				BBA699C62B067DDA00BA92A4 /* NYCSchoolOderByFieldButton.swift in Sources */,
				BB58347F2AFEC406005014C9 /* NYCSchool.swift in Sources */,
				BB5834832AFEC5D6005014C9 /* NetworkManager.swift in Sources */,
				BB3B21C32B02AF7E00A4B0D9 /* CustomNavigationController.swift in Sources */,
				BB7E8F262B03E37200C379A1 /* NYCSchoolMapViewController.swift in Sources */,
				BB5834862AFEC66F005014C9 /* NetworkError.swift in Sources */,
				BB7E8F282B03E49300C379A1 /* MainTabBarController.swift in Sources */,
				BB5834912AFECD4F005014C9 /* NYCListViewController.swift in Sources */,
				BBA699AB2B04FE3700BA92A4 /* TitleBulletPointsView.swift in Sources */,
				BB3B21D52B03B43400A4B0D9 /* NYCSchoolScoreGroupView.swift in Sources */,
				BB3B21BE2B028E0900A4B0D9 /* NYCSchoolDetailViewModel.swift in Sources */,
				BB3B21C92B02B9CF00A4B0D9 /* NYCSchoolDetailView.swift in Sources */,
				BB91C04C2B11464E00B14096 /* Coordinator.swift in Sources */,
				BBA699AD2B052AE100BA92A4 /* NYCSchoolStatsView.swift in Sources */,
				BB5834882AFECA12005014C9 /* NYCSchoolService.swift in Sources */,
				BB3B21B72B0288EC00A4B0D9 /* NYCSchoolDetailViewController.swift in Sources */,
				BBA699C42B06771800BA92A4 /* FilterByView.swift in Sources */,
				BB3B218F2B02612800A4B0D9 /* NYCTableViewCell.swift in Sources */,
				BB7E8F2C2B040D6D00C379A1 /* CustomPointAnnotation.swift in Sources */,
				BBA699BD2B0666BF00BA92A4 /* SortOrder.swift in Sources */,
				BB58346A2AFEBDDA005014C9 /* AppDelegate.swift in Sources */,
				BBA699BB2B065BCE00BA92A4 /* SortViewController.swift in Sources */,
				BBA699AF2B0530B700BA92A4 /* HoursView.swift in Sources */,
				BB58346C2AFEBDDA005014C9 /* SceneDelegate.swift in Sources */,
				BB3B21C02B02AF1500A4B0D9 /* NSObject.swift in Sources */,
				BB3B21D12B03A95500A4B0D9 /* NYCSchoolScoreView.swift in Sources */,
				BBA699B52B064C6E00BA92A4 /* NYCSchoolSortKey.swift in Sources */,
				BB3B21CF2B02C3E800A4B0D9 /* NYCSchoolScorreData.swift in Sources */,
				BBA699C22B0669E300BA92A4 /* SortOrderView.swift in Sources */,
				BB3B21B52B0285F000A4B0D9 /* Double.swift in Sources */,
				BB91C04E2B11469600B14096 /* MainCoordinator.swift in Sources */,
				BBA699C02B0666FF00BA92A4 /* NYCSchoolSortViewModel.swift in Sources */,
				BB88DF062B08F72E0065FD01 /* NYCSchoolTableLoadingViewCell.swift in Sources */,
				BB7E8F222B03D57400C379A1 /* SearchResultsViewController.swift in Sources */,
				BB58348D2AFECA9D005014C9 /* Constants.swift in Sources */,
			);
			runOnlyForDeploymentPostprocessing = 0;
		};
/* End PBXSourcesBuildPhase section */

/* Begin PBXTargetDependency section */
		BBCBB6402B4C87EE0065EC31 /* PBXTargetDependency */ = {
			isa = PBXTargetDependency;
			productRef = BBCBB63F2B4C87EE0065EC31 /* SwiftLintPlugin */;
		};
/* End PBXTargetDependency section */

/* Begin PBXVariantGroup section */
		BB5834742AFEBDDB005014C9 /* LaunchScreen.storyboard */ = {
			isa = PBXVariantGroup;
			children = (
				BB5834752AFEBDDB005014C9 /* Base */,
			);
			name = LaunchScreen.storyboard;
			sourceTree = "<group>";
		};
/* End PBXVariantGroup section */

/* Begin XCBuildConfiguration section */
		BB5834782AFEBDDB005014C9 /* Debug */ = {
			isa = XCBuildConfiguration;
			buildSettings = {
				ALWAYS_SEARCH_USER_PATHS = NO;
				ASSETCATALOG_COMPILER_GENERATE_SWIFT_ASSET_SYMBOL_EXTENSIONS = YES;
				CLANG_ANALYZER_NONNULL = YES;
				CLANG_ANALYZER_NUMBER_OBJECT_CONVERSION = YES_AGGRESSIVE;
				CLANG_CXX_LANGUAGE_STANDARD = "gnu++20";
				CLANG_ENABLE_MODULES = YES;
				CLANG_ENABLE_OBJC_ARC = YES;
				CLANG_ENABLE_OBJC_WEAK = YES;
				CLANG_WARN_BLOCK_CAPTURE_AUTORELEASING = YES;
				CLANG_WARN_BOOL_CONVERSION = YES;
				CLANG_WARN_COMMA = YES;
				CLANG_WARN_CONSTANT_CONVERSION = YES;
				CLANG_WARN_DEPRECATED_OBJC_IMPLEMENTATIONS = YES;
				CLANG_WARN_DIRECT_OBJC_ISA_USAGE = YES_ERROR;
				CLANG_WARN_DOCUMENTATION_COMMENTS = YES;
				CLANG_WARN_EMPTY_BODY = YES;
				CLANG_WARN_ENUM_CONVERSION = YES;
				CLANG_WARN_INFINITE_RECURSION = YES;
				CLANG_WARN_INT_CONVERSION = YES;
				CLANG_WARN_NON_LITERAL_NULL_CONVERSION = YES;
				CLANG_WARN_OBJC_IMPLICIT_RETAIN_SELF = YES;
				CLANG_WARN_OBJC_LITERAL_CONVERSION = YES;
				CLANG_WARN_OBJC_ROOT_CLASS = YES_ERROR;
				CLANG_WARN_QUOTED_INCLUDE_IN_FRAMEWORK_HEADER = YES;
				CLANG_WARN_RANGE_LOOP_ANALYSIS = YES;
				CLANG_WARN_STRICT_PROTOTYPES = YES;
				CLANG_WARN_SUSPICIOUS_MOVE = YES;
				CLANG_WARN_UNGUARDED_AVAILABILITY = YES_AGGRESSIVE;
				CLANG_WARN_UNREACHABLE_CODE = YES;
				CLANG_WARN__DUPLICATE_METHOD_MATCH = YES;
				COPY_PHASE_STRIP = NO;
				DEBUG_INFORMATION_FORMAT = dwarf;
				ENABLE_STRICT_OBJC_MSGSEND = YES;
				ENABLE_TESTABILITY = YES;
				ENABLE_USER_SCRIPT_SANDBOXING = YES;
				GCC_C_LANGUAGE_STANDARD = gnu17;
				GCC_DYNAMIC_NO_PIC = NO;
				GCC_NO_COMMON_BLOCKS = YES;
				GCC_OPTIMIZATION_LEVEL = 0;
				GCC_PREPROCESSOR_DEFINITIONS = (
					"DEBUG=1",
					"$(inherited)",
				);
				GCC_WARN_64_TO_32_BIT_CONVERSION = YES;
				GCC_WARN_ABOUT_RETURN_TYPE = YES_ERROR;
				GCC_WARN_UNDECLARED_SELECTOR = YES;
				GCC_WARN_UNINITIALIZED_AUTOS = YES_AGGRESSIVE;
				GCC_WARN_UNUSED_FUNCTION = YES;
				GCC_WARN_UNUSED_VARIABLE = YES;
				IPHONEOS_DEPLOYMENT_TARGET = 17.0;
				LOCALIZATION_PREFERS_STRING_CATALOGS = YES;
				MTL_ENABLE_DEBUG_INFO = INCLUDE_SOURCE;
				MTL_FAST_MATH = YES;
				ONLY_ACTIVE_ARCH = YES;
				SDKROOT = iphoneos;
				SWIFT_ACTIVE_COMPILATION_CONDITIONS = "DEBUG $(inherited)";
				SWIFT_OPTIMIZATION_LEVEL = "-Onone";
			};
			name = Debug;
		};
		BB5834792AFEBDDB005014C9 /* Release */ = {
			isa = XCBuildConfiguration;
			buildSettings = {
				ALWAYS_SEARCH_USER_PATHS = NO;
				ASSETCATALOG_COMPILER_GENERATE_SWIFT_ASSET_SYMBOL_EXTENSIONS = YES;
				CLANG_ANALYZER_NONNULL = YES;
				CLANG_ANALYZER_NUMBER_OBJECT_CONVERSION = YES_AGGRESSIVE;
				CLANG_CXX_LANGUAGE_STANDARD = "gnu++20";
				CLANG_ENABLE_MODULES = YES;
				CLANG_ENABLE_OBJC_ARC = YES;
				CLANG_ENABLE_OBJC_WEAK = YES;
				CLANG_WARN_BLOCK_CAPTURE_AUTORELEASING = YES;
				CLANG_WARN_BOOL_CONVERSION = YES;
				CLANG_WARN_COMMA = YES;
				CLANG_WARN_CONSTANT_CONVERSION = YES;
				CLANG_WARN_DEPRECATED_OBJC_IMPLEMENTATIONS = YES;
				CLANG_WARN_DIRECT_OBJC_ISA_USAGE = YES_ERROR;
				CLANG_WARN_DOCUMENTATION_COMMENTS = YES;
				CLANG_WARN_EMPTY_BODY = YES;
				CLANG_WARN_ENUM_CONVERSION = YES;
				CLANG_WARN_INFINITE_RECURSION = YES;
				CLANG_WARN_INT_CONVERSION = YES;
				CLANG_WARN_NON_LITERAL_NULL_CONVERSION = YES;
				CLANG_WARN_OBJC_IMPLICIT_RETAIN_SELF = YES;
				CLANG_WARN_OBJC_LITERAL_CONVERSION = YES;
				CLANG_WARN_OBJC_ROOT_CLASS = YES_ERROR;
				CLANG_WARN_QUOTED_INCLUDE_IN_FRAMEWORK_HEADER = YES;
				CLANG_WARN_RANGE_LOOP_ANALYSIS = YES;
				CLANG_WARN_STRICT_PROTOTYPES = YES;
				CLANG_WARN_SUSPICIOUS_MOVE = YES;
				CLANG_WARN_UNGUARDED_AVAILABILITY = YES_AGGRESSIVE;
				CLANG_WARN_UNREACHABLE_CODE = YES;
				CLANG_WARN__DUPLICATE_METHOD_MATCH = YES;
				COPY_PHASE_STRIP = NO;
				DEBUG_INFORMATION_FORMAT = "dwarf-with-dsym";
				ENABLE_NS_ASSERTIONS = NO;
				ENABLE_STRICT_OBJC_MSGSEND = YES;
				ENABLE_USER_SCRIPT_SANDBOXING = YES;
				GCC_C_LANGUAGE_STANDARD = gnu17;
				GCC_NO_COMMON_BLOCKS = YES;
				GCC_WARN_64_TO_32_BIT_CONVERSION = YES;
				GCC_WARN_ABOUT_RETURN_TYPE = YES_ERROR;
				GCC_WARN_UNDECLARED_SELECTOR = YES;
				GCC_WARN_UNINITIALIZED_AUTOS = YES_AGGRESSIVE;
				GCC_WARN_UNUSED_FUNCTION = YES;
				GCC_WARN_UNUSED_VARIABLE = YES;
				IPHONEOS_DEPLOYMENT_TARGET = 17.0;
				LOCALIZATION_PREFERS_STRING_CATALOGS = YES;
				MTL_ENABLE_DEBUG_INFO = NO;
				MTL_FAST_MATH = YES;
				SDKROOT = iphoneos;
				SWIFT_COMPILATION_MODE = wholemodule;
				VALIDATE_PRODUCT = YES;
			};
			name = Release;
		};
		BB58347B2AFEBDDB005014C9 /* Debug */ = {
			isa = XCBuildConfiguration;
			buildSettings = {
				ASSETCATALOG_COMPILER_APPICON_NAME = AppIcon;
				ASSETCATALOG_COMPILER_GLOBAL_ACCENT_COLOR_NAME = AccentColor;
				CODE_SIGN_STYLE = Automatic;
				CURRENT_PROJECT_VERSION = 1;
				DEVELOPMENT_TEAM = FVEGF5DQ7U;
				ENABLE_USER_SCRIPT_SANDBOXING = NO;
				GENERATE_INFOPLIST_FILE = YES;
				INFOPLIST_FILE = NYCSchools/Info.plist;
				INFOPLIST_KEY_UIApplicationSupportsIndirectInputEvents = YES;
				INFOPLIST_KEY_UILaunchStoryboardName = LaunchScreen;
				INFOPLIST_KEY_UISupportedInterfaceOrientations = UIInterfaceOrientationPortrait;
				LD_RUNPATH_SEARCH_PATHS = (
					"$(inherited)",
					"@executable_path/Frameworks",
				);
				MARKETING_VERSION = 1.0;
				PRODUCT_BUNDLE_IDENTIFIER = sugurutokuda.NYCSchools;
				PRODUCT_NAME = "$(TARGET_NAME)";
				SWIFT_EMIT_LOC_STRINGS = YES;
				SWIFT_VERSION = 5.0;
				TARGETED_DEVICE_FAMILY = "1,2";
			};
			name = Debug;
		};
		BB58347C2AFEBDDB005014C9 /* Release */ = {
			isa = XCBuildConfiguration;
			buildSettings = {
				ASSETCATALOG_COMPILER_APPICON_NAME = AppIcon;
				ASSETCATALOG_COMPILER_GLOBAL_ACCENT_COLOR_NAME = AccentColor;
				CODE_SIGN_STYLE = Automatic;
				CURRENT_PROJECT_VERSION = 1;
				DEVELOPMENT_TEAM = FVEGF5DQ7U;
				ENABLE_USER_SCRIPT_SANDBOXING = NO;
				GENERATE_INFOPLIST_FILE = YES;
				INFOPLIST_FILE = NYCSchools/Info.plist;
				INFOPLIST_KEY_UIApplicationSupportsIndirectInputEvents = YES;
				INFOPLIST_KEY_UILaunchStoryboardName = LaunchScreen;
				INFOPLIST_KEY_UISupportedInterfaceOrientations = UIInterfaceOrientationPortrait;
				LD_RUNPATH_SEARCH_PATHS = (
					"$(inherited)",
					"@executable_path/Frameworks",
				);
				MARKETING_VERSION = 1.0;
				PRODUCT_BUNDLE_IDENTIFIER = sugurutokuda.NYCSchools;
				PRODUCT_NAME = "$(TARGET_NAME)";
				SWIFT_EMIT_LOC_STRINGS = YES;
				SWIFT_VERSION = 5.0;
				TARGETED_DEVICE_FAMILY = "1,2";
			};
			name = Release;
		};
/* End XCBuildConfiguration section */

/* Begin XCConfigurationList section */
		BB5834612AFEBDDA005014C9 /* Build configuration list for PBXProject "NYCSchools" */ = {
			isa = XCConfigurationList;
			buildConfigurations = (
				BB5834782AFEBDDB005014C9 /* Debug */,
				BB5834792AFEBDDB005014C9 /* Release */,
			);
			defaultConfigurationIsVisible = 0;
			defaultConfigurationName = Release;
		};
		BB58347A2AFEBDDB005014C9 /* Build configuration list for PBXNativeTarget "NYCSchools" */ = {
			isa = XCConfigurationList;
			buildConfigurations = (
				BB58347B2AFEBDDB005014C9 /* Debug */,
				BB58347C2AFEBDDB005014C9 /* Release */,
			);
			defaultConfigurationIsVisible = 0;
			defaultConfigurationName = Release;
		};
/* End XCConfigurationList section */

/* Begin XCRemoteSwiftPackageReference section */
		BBCBB6342B4C80180065EC31 /* XCRemoteSwiftPackageReference "SwiftLint" */ = {
			isa = XCRemoteSwiftPackageReference;
			repositoryURL = "https://github.com/realm/SwiftLint";
			requirement = {
				kind = upToNextMajorVersion;
				minimumVersion = 0.54.0;
			};
		};
/* End XCRemoteSwiftPackageReference section */

/* Begin XCSwiftPackageProductDependency section */
		BBCBB63F2B4C87EE0065EC31 /* SwiftLintPlugin */ = {
			isa = XCSwiftPackageProductDependency;
			package = BBCBB6342B4C80180065EC31 /* XCRemoteSwiftPackageReference "SwiftLint" */;
			productName = "plugin:SwiftLintPlugin";
		};
/* End XCSwiftPackageProductDependency section */
	};
	rootObject = BB58345E2AFEBDDA005014C9 /* Project object */;
}
